
Microsoft Visual Studio Solution File, Format Version 12.00
# Visual Studio Version 16
VisualStudioVersion = 16.0.31205.134
MinimumVisualStudioVersion = 10.0.40219.1
Project("{FAE04EC0-301F-11D3-BF4B-00C04F79EFBC}") = "Application", "Application\Application.csproj", "{3C56A193-BF13-434F-9318-6F42AE2A710C}"
EndProject
Project("{FAE04EC0-301F-11D3-BF4B-00C04F79EFBC}") = "ODataService", "CommonLibrary\ODataService.csproj", "{60FFFC56-058C-4508-9912-6A5394AD0B71}"
EndProject
Global
	GlobalSection(SolutionConfigurationPlatforms) = preSolution
		Debug|Any CPU = Debug|Any CPU
		Release|Any CPU = Release|Any CPU
	EndGlobalSection
	GlobalSection(ProjectConfigurationPlatforms) = postSolution
		{3C56A193-BF13-434F-9318-6F42AE2A710C}.Debug|Any CPU.ActiveCfg = Debug|Any CPU
		{3C56A193-BF13-434F-9318-6F42AE2A710C}.Debug|Any CPU.Build.0 = Debug|Any CPU
		{3C56A193-BF13-434F-9318-6F42AE2A710C}.Release|Any CPU.ActiveCfg = Release|Any CPU
		{3C56A193-BF13-434F-9318-6F42AE2A710C}.Release|Any CPU.Build.0 = Release|Any CPU
		{60FFFC56-058C-4508-9912-6A5394AD0B71}.Debug|Any CPU.ActiveCfg = Debug|Any CPU
		{60FFFC56-058C-4508-9912-6A5394AD0B71}.Debug|Any CPU.Build.0 = Debug|Any CPU
		{60FFFC56-058C-4508-9912-6A5394AD0B71}.Release|Any CPU.ActiveCfg = Release|Any CPU
		{60FFFC56-058C-4508-9912-6A5394AD0B71}.Release|Any CPU.Build.0 = Release|Any CPU
	EndGlobalSection
	GlobalSection(SolutionProperties) = preSolution
		HideSolutionNode = FALSE
	EndGlobalSection
	GlobalSection(ExtensibilityGlobals) = postSolution
		SolutionGuid = {19087431-9DD0-4CE5-9FDB-4C3FD82CB44B}
	EndGlobalSection
EndGlobal
